
Microsoft Visual Studio Solution File, Format Version 12.00
# Visual Studio Version 17
VisualStudioVersion = 17.5.002.0
MinimumVisualStudioVersion = 10.0.40219.1
Project("{9A19103F-16F7-4668-BE54-9A1E7A4F7556}") = "gestaopagamento", "gestaopagamento.csproj", "{319170CE-F20B-4E23-AC85-7182D67BEE7F}"
EndProject
Global
	GlobalSection(SolutionConfigurationPlatforms) = preSolution
		Debug|Any CPU = Debug|Any CPU
		Release|Any CPU = Release|Any CPU
	EndGlobalSection
	GlobalSection(ProjectConfigurationPlatforms) = postSolution
		{319170CE-F20B-4E23-AC85-7182D67BEE7F}.Debug|Any CPU.ActiveCfg = Debug|Any CPU
		{319170CE-F20B-4E23-AC85-7182D67BEE7F}.Debug|Any CPU.Build.0 = Debug|Any CPU
		{319170CE-F20B-4E23-AC85-7182D67BEE7F}.Release|Any CPU.ActiveCfg = Release|Any CPU
		{319170CE-F20B-4E23-AC85-7182D67BEE7F}.Release|Any CPU.Build.0 = Release|Any CPU
	EndGlobalSection
	GlobalSection(SolutionProperties) = preSolution
		HideSolutionNode = FALSE
	EndGlobalSection
	GlobalSection(ExtensibilityGlobals) = postSolution
		SolutionGuid = {044E9412-40D5-4B87-8AE3-60DB573296AD}
	EndGlobalSection
EndGlobal
